
Microsoft Visual Studio Solution File, Format Version 12.00
# Visual Studio 15
VisualStudioVersion = 15.0.26730.16
MinimumVisualStudioVersion = 10.0.40219.1
Project("{FAE04EC0-301F-11D3-BF4B-00C04F79EFBC}") = "ProBilling", "ProBilling\ProBilling.csproj", "{FE61A477-BA80-43DF-ADB3-5E26AB120B2A}"
EndProject
Global
	GlobalSection(SolutionConfigurationPlatforms) = preSolution
		Debug|Any CPU = Debug|Any CPU
		Release|Any CPU = Release|Any CPU
	EndGlobalSection
	GlobalSection(ProjectConfigurationPlatforms) = postSolution
		{FE61A477-BA80-43DF-ADB3-5E26AB120B2A}.Debug|Any CPU.ActiveCfg = Debug|Any CPU
		{FE61A477-BA80-43DF-ADB3-5E26AB120B2A}.Debug|Any CPU.Build.0 = Debug|Any CPU
		{FE61A477-BA80-43DF-ADB3-5E26AB120B2A}.Release|Any CPU.ActiveCfg = Release|Any CPU
		{FE61A477-BA80-43DF-ADB3-5E26AB120B2A}.Release|Any CPU.Build.0 = Release|Any CPU
	EndGlobalSection
	GlobalSection(SolutionProperties) = preSolution
		HideSolutionNode = FALSE
	EndGlobalSection
	GlobalSection(ExtensibilityGlobals) = postSolution
		SolutionGuid = {1D7E688B-89E1-45C6-8AFC-34C0DFF20A2B}
	EndGlobalSection
EndGlobal
